// !$*UTF8*$!
{
	archiveVersion = 1;
	classes = {
	};
	objectVersion = 50;
	objects = {

/* Begin PBXBuildFile section */
		FB249F6422E4F9180038616A /* NoSound.wav in Resources */ = {isa = PBXBuildFile; fileRef = FB249F6322E4F9180038616A /* NoSound.wav */; };
		FB75082222E0C8CC0021D5B8 /* AppDelegate.swift in Sources */ = {isa = PBXBuildFile; fileRef = FB75082122E0C8CC0021D5B8 /* AppDelegate.swift */; };
		FB75082422E0C8CC0021D5B8 /* ViewController.swift in Sources */ = {isa = PBXBuildFile; fileRef = FB75082322E0C8CC0021D5B8 /* ViewController.swift */; };
		FB75082722E0C8CC0021D5B8 /* Main.storyboard in Resources */ = {isa = PBXBuildFile; fileRef = FB75082522E0C8CC0021D5B8 /* Main.storyboard */; };
		FB75082A22E0C8CC0021D5B8 /* QUIZ_PLUS_V09.xcdatamodeld in Sources */ = {isa = PBXBuildFile; fileRef = FB75082822E0C8CC0021D5B8 /* QUIZ_PLUS_V09.xcdatamodeld */; };
		FB75082C22E0C8CD0021D5B8 /* Assets.xcassets in Resources */ = {isa = PBXBuildFile; fileRef = FB75082B22E0C8CD0021D5B8 /* Assets.xcassets */; };
		FB75082F22E0C8CD0021D5B8 /* LaunchScreen.storyboard in Resources */ = {isa = PBXBuildFile; fileRef = FB75082D22E0C8CD0021D5B8 /* LaunchScreen.storyboard */; };
		FB75083722E0C9500021D5B8 /* Question.swift in Sources */ = {isa = PBXBuildFile; fileRef = FB75083622E0C9500021D5B8 /* Question.swift */; };
		FB75083922E0C9860021D5B8 /* Quiz.swift in Sources */ = {isa = PBXBuildFile; fileRef = FB75083822E0C9860021D5B8 /* Quiz.swift */; };
		FB75083B22E0C9C60021D5B8 /* GameManager.swift in Sources */ = {isa = PBXBuildFile; fileRef = FB75083A22E0C9C60021D5B8 /* GameManager.swift */; };
		FB75083D22E0CA020021D5B8 /* SoundManager.swift in Sources */ = {isa = PBXBuildFile; fileRef = FB75083C22E0CA020021D5B8 /* SoundManager.swift */; };
		FB8676B722E500F0006C833A /* GameSound.wav in Resources */ = {isa = PBXBuildFile; fileRef = FB8676B622E500F0006C833A /* GameSound.wav */; };
/* End PBXBuildFile section */

/* Begin PBXFileReference section */
		FB249F6322E4F9180038616A /* NoSound.wav */ = {isa = PBXFileReference; lastKnownFileType = audio.wav; path = NoSound.wav; sourceTree = "<group>"; };
		FB75081E22E0C8CC0021D5B8 /* QUIZ-PLUS-V09.app */ = {isa = PBXFileReference; explicitFileType = wrapper.application; includeInIndex = 0; path = "QUIZ-PLUS-V09.app"; sourceTree = BUILT_PRODUCTS_DIR; };
		FB75082122E0C8CC0021D5B8 /* AppDelegate.swift */ = {isa = PBXFileReference; lastKnownFileType = sourcecode.swift; path = AppDelegate.swift; sourceTree = "<group>"; };
		FB75082322E0C8CC0021D5B8 /* ViewController.swift */ = {isa = PBXFileReference; lastKnownFileType = sourcecode.swift; path = ViewController.swift; sourceTree = "<group>"; };
		FB75082622E0C8CC0021D5B8 /* Base */ = {isa = PBXFileReference; lastKnownFileType = file.storyboard; name = Base; path = Base.lproj/Main.storyboard; sourceTree = "<group>"; };
		FB75082922E0C8CC0021D5B8 /* QUIZ_PLUS_V09.xcdatamodel */ = {isa = PBXFileReference; lastKnownFileType = wrapper.xcdatamodel; path = QUIZ_PLUS_V09.xcdatamodel; sourceTree = "<group>"; };
		FB75082B22E0C8CD0021D5B8 /* Assets.xcassets */ = {isa = PBXFileReference; lastKnownFileType = folder.assetcatalog; path = Assets.xcassets; sourceTree = "<group>"; };
		FB75082E22E0C8CD0021D5B8 /* Base */ = {isa = PBXFileReference; lastKnownFileType = file.storyboard; name = Base; path = Base.lproj/LaunchScreen.storyboard; sourceTree = "<group>"; };
		FB75083022E0C8CD0021D5B8 /* Info.plist */ = {isa = PBXFileReference; lastKnownFileType = text.plist.xml; path = Info.plist; sourceTree = "<group>"; };
		FB75083622E0C9500021D5B8 /* Question.swift */ = {isa = PBXFileReference; lastKnownFileType = sourcecode.swift; path = Question.swift; sourceTree = "<group>"; };
		FB75083822E0C9860021D5B8 /* Quiz.swift */ = {isa = PBXFileReference; lastKnownFileType = sourcecode.swift; path = Quiz.swift; sourceTree = "<group>"; };
		FB75083A22E0C9C60021D5B8 /* GameManager.swift */ = {isa = PBXFileReference; lastKnownFileType = sourcecode.swift; path = GameManager.swift; sourceTree = "<group>"; };
		FB75083C22E0CA020021D5B8 /* SoundManager.swift */ = {isa = PBXFileReference; lastKnownFileType = sourcecode.swift; path = SoundManager.swift; sourceTree = "<group>"; };
		FB8676B622E500F0006C833A /* GameSound.wav */ = {isa = PBXFileReference; lastKnownFileType = audio.wav; path = GameSound.wav; sourceTree = "<group>"; };
/* End PBXFileReference section */

/* Begin PBXFrameworksBuildPhase section */
		FB75081B22E0C8CC0021D5B8 /* Frameworks */ = {
			isa = PBXFrameworksBuildPhase;
			buildActionMask = 2147483647;
			files = (
			);
			runOnlyForDeploymentPostprocessing = 0;
		};
/* End PBXFrameworksBuildPhase section */

/* Begin PBXGroup section */
		FB75081522E0C8CC0021D5B8 = {
			isa = PBXGroup;
			children = (
				FB75082022E0C8CC0021D5B8 /* QUIZ-PLUS-V09 */,
				FB75081F22E0C8CC0021D5B8 /* Products */,
			);
			sourceTree = "<group>";
		};
		FB75081F22E0C8CC0021D5B8 /* Products */ = {
			isa = PBXGroup;
			children = (
				FB75081E22E0C8CC0021D5B8 /* QUIZ-PLUS-V09.app */,
			);
			name = Products;
			sourceTree = "<group>";
		};
		FB75082022E0C8CC0021D5B8 /* QUIZ-PLUS-V09 */ = {
			isa = PBXGroup;
			children = (
				FB8676B622E500F0006C833A /* GameSound.wav */,
				FB249F6322E4F9180038616A /* NoSound.wav */,
				FB75082122E0C8CC0021D5B8 /* AppDelegate.swift */,
				FB75082322E0C8CC0021D5B8 /* ViewController.swift */,
				FB75082522E0C8CC0021D5B8 /* Main.storyboard */,
				FB75082B22E0C8CD0021D5B8 /* Assets.xcassets */,
				FB75082D22E0C8CD0021D5B8 /* LaunchScreen.storyboard */,
				FB75083022E0C8CD0021D5B8 /* Info.plist */,
				FB75082822E0C8CC0021D5B8 /* QUIZ_PLUS_V09.xcdatamodeld */,
				FB75083622E0C9500021D5B8 /* Question.swift */,
				FB75083822E0C9860021D5B8 /* Quiz.swift */,
				FB75083A22E0C9C60021D5B8 /* GameManager.swift */,
				FB75083C22E0CA020021D5B8 /* SoundManager.swift */,
			);
			path = "QUIZ-PLUS-V09";
			sourceTree = "<group>";
		};
/* End PBXGroup section */

/* Begin PBXNativeTarget section */
		FB75081D22E0C8CC0021D5B8 /* QUIZ-PLUS-V09 */ = {
			isa = PBXNativeTarget;
			buildConfigurationList = FB75083322E0C8CD0021D5B8 /* Build configuration list for PBXNativeTarget "QUIZ-PLUS-V09" */;
			buildPhases = (
				FB75081A22E0C8CC0021D5B8 /* Sources */,
				FB75081B22E0C8CC0021D5B8 /* Frameworks */,
				FB75081C22E0C8CC0021D5B8 /* Resources */,
			);
			buildRules = (
			);
			dependencies = (
			);
			name = "QUIZ-PLUS-V09";
			productName = "QUIZ-PLUS-V09";
			productReference = FB75081E22E0C8CC0021D5B8 /* QUIZ-PLUS-V09.app */;
			productType = "com.apple.product-type.application";
		};
/* End PBXNativeTarget section */

/* Begin PBXProject section */
		FB75081622E0C8CC0021D5B8 /* Project object */ = {
			isa = PBXProject;
			attributes = {
				LastSwiftUpdateCheck = 1010;
				LastUpgradeCheck = 1010;
				ORGANIZATIONNAME = thechoygroup;
				TargetAttributes = {
					FB75081D22E0C8CC0021D5B8 = {
						CreatedOnToolsVersion = 10.1;
					};
				};
			};
			buildConfigurationList = FB75081922E0C8CC0021D5B8 /* Build configuration list for PBXProject "QUIZ-PLUS-V09" */;
			compatibilityVersion = "Xcode 9.3";
			developmentRegion = en;
			hasScannedForEncodings = 0;
			knownRegions = (
				en,
				Base,
			);
			mainGroup = FB75081522E0C8CC0021D5B8;
			productRefGroup = FB75081F22E0C8CC0021D5B8 /* Products */;
			projectDirPath = "";
			projectRoot = "";
			targets = (
				FB75081D22E0C8CC0021D5B8 /* QUIZ-PLUS-V09 */,
			);
		};
/* End PBXProject section */

/* Begin PBXResourcesBuildPhase section */
		FB75081C22E0C8CC0021D5B8 /* Resources */ = {
			isa = PBXResourcesBuildPhase;
			buildActionMask = 2147483647;
			files = (
				FB75082F22E0C8CD0021D5B8 /* LaunchScreen.storyboard in Resources */,
				FB249F6422E4F9180038616A /* NoSound.wav in Resources */,
				FB75082C22E0C8CD0021D5B8 /* Assets.xcassets in Resources */,
				FB75082722E0C8CC0021D5B8 /* Main.storyboard in Resources */,
				FB8676B722E500F0006C833A /* GameSound.wav in Resources */,
			);
			runOnlyForDeploymentPostprocessing = 0;
		};
/* End PBXResourcesBuildPhase section */

/* Begin PBXSourcesBuildPhase section */
		FB75081A22E0C8CC0021D5B8 /* Sources */ = {
			isa = PBXSourcesBuildPhase;
			buildActionMask = 2147483647;
			files = (
				FB75082422E0C8CC0021D5B8 /* ViewController.swift in Sources */,
				FB75083B22E0C9C60021D5B8 /* GameManager.swift in Sources */,
				FB75083922E0C9860021D5B8 /* Quiz.swift in Sources */,
				FB75083722E0C9500021D5B8 /* Question.swift in Sources */,
				FB75082A22E0C8CC0021D5B8 /* QUIZ_PLUS_V09.xcdatamodeld in Sources */,
				FB75083D22E0CA020021D5B8 /* SoundManager.swift in Sources */,
				FB75082222E0C8CC0021D5B8 /* AppDelegate.swift in Sources */,
			);
			runOnlyForDeploymentPostprocessing = 0;
		};
/* End PBXSourcesBuildPhase section */

/* Begin PBXVariantGroup section */
		FB75082522E0C8CC0021D5B8 /* Main.storyboard */ = {
			isa = PBXVariantGroup;
			children = (
				FB75082622E0C8CC0021D5B8 /* Base */,
			);
			name = Main.storyboard;
			sourceTree = "<group>";
		};
		FB75082D22E0C8CD0021D5B8 /* LaunchScreen.storyboard */ = {
			isa = PBXVariantGroup;
			children = (
				FB75082E22E0C8CD0021D5B8 /* Base */,
			);
			name = LaunchScreen.storyboard;
			sourceTree = "<group>";
		};
/* End PBXVariantGroup section */

/* Begin XCBuildConfiguration section */
		FB75083122E0C8CD0021D5B8 /* Debug */ = {
			isa = XCBuildConfiguration;
			buildSettings = {
				ALWAYS_SEARCH_USER_PATHS = NO;
				CLANG_ANALYZER_NONNULL = YES;
				CLANG_ANALYZER_NUMBER_OBJECT_CONVERSION = YES_AGGRESSIVE;
				CLANG_CXX_LANGUAGE_STANDARD = "gnu++14";
				CLANG_CXX_LIBRARY = "libc++";
				CLANG_ENABLE_MODULES = YES;
				CLANG_ENABLE_OBJC_ARC = YES;
				CLANG_ENABLE_OBJC_WEAK = YES;
				CLANG_WARN_BLOCK_CAPTURE_AUTORELEASING = YES;
				CLANG_WARN_BOOL_CONVERSION = YES;
				CLANG_WARN_COMMA = YES;
				CLANG_WARN_CONSTANT_CONVERSION = YES;
				CLANG_WARN_DEPRECATED_OBJC_IMPLEMENTATIONS = YES;
				CLANG_WARN_DIRECT_OBJC_ISA_USAGE = YES_ERROR;
				CLANG_WARN_DOCUMENTATION_COMMENTS = YES;
				CLANG_WARN_EMPTY_BODY = YES;
				CLANG_WARN_ENUM_CONVERSION = YES;
				CLANG_WARN_INFINITE_RECURSION = YES;
				CLANG_WARN_INT_CONVERSION = YES;
				CLANG_WARN_NON_LITERAL_NULL_CONVERSION = YES;
				CLANG_WARN_OBJC_IMPLICIT_RETAIN_SELF = YES;
				CLANG_WARN_OBJC_LITERAL_CONVERSION = YES;
				CLANG_WARN_OBJC_ROOT_CLASS = YES_ERROR;
				CLANG_WARN_RANGE_LOOP_ANALYSIS = YES;
				CLANG_WARN_STRICT_PROTOTYPES = YES;
				CLANG_WARN_SUSPICIOUS_MOVE = YES;
				CLANG_WARN_UNGUARDED_AVAILABILITY = YES_AGGRESSIVE;
				CLANG_WARN_UNREACHABLE_CODE = YES;
				CLANG_WARN__DUPLICATE_METHOD_MATCH = YES;
				CODE_SIGN_IDENTITY = "iPhone Developer";
				COPY_PHASE_STRIP = NO;
				DEBUG_INFORMATION_FORMAT = dwarf;
				ENABLE_STRICT_OBJC_MSGSEND = YES;
				ENABLE_TESTABILITY = YES;
				GCC_C_LANGUAGE_STANDARD = gnu11;
				GCC_DYNAMIC_NO_PIC = NO;
				GCC_NO_COMMON_BLOCKS = YES;
				GCC_OPTIMIZATION_LEVEL = 0;
				GCC_PREPROCESSOR_DEFINITIONS = (
					"DEBUG=1",
					"$(inherited)",
				);
				GCC_WARN_64_TO_32_BIT_CONVERSION = YES;
				GCC_WARN_ABOUT_RETURN_TYPE = YES_ERROR;
				GCC_WARN_UNDECLARED_SELECTOR = YES;
				GCC_WARN_UNINITIALIZED_AUTOS = YES_AGGRESSIVE;
				GCC_WARN_UNUSED_FUNCTION = YES;
				GCC_WARN_UNUSED_VARIABLE = YES;
				IPHONEOS_DEPLOYMENT_TARGET = 12.1;
				MTL_ENABLE_DEBUG_INFO = INCLUDE_SOURCE;
				MTL_FAST_MATH = YES;
				ONLY_ACTIVE_ARCH = YES;
				SDKROOT = iphoneos;
				SWIFT_ACTIVE_COMPILATION_CONDITIONS = DEBUG;
				SWIFT_OPTIMIZATION_LEVEL = "-Onone";
			};
			name = Debug;
		};
		FB75083222E0C8CD0021D5B8 /* Release */ = {
			isa = XCBuildConfiguration;
			buildSettings = {
				ALWAYS_SEARCH_USER_PATHS = NO;
				CLANG_ANALYZER_NONNULL = YES;
				CLANG_ANALYZER_NUMBER_OBJECT_CONVERSION = YES_AGGRESSIVE;
				CLANG_CXX_LANGUAGE_STANDARD = "gnu++14";
				CLANG_CXX_LIBRARY = "libc++";
				CLANG_ENABLE_MODULES = YES;
				CLANG_ENABLE_OBJC_ARC = YES;
				CLANG_ENABLE_OBJC_WEAK = YES;
				CLANG_WARN_BLOCK_CAPTURE_AUTORELEASING = YES;
				CLANG_WARN_BOOL_CONVERSION = YES;
				CLANG_WARN_COMMA = YES;
				CLANG_WARN_CONSTANT_CONVERSION = YES;
				CLANG_WARN_DEPRECATED_OBJC_IMPLEMENTATIONS = YES;
				CLANG_WARN_DIRECT_OBJC_ISA_USAGE = YES_ERROR;
				CLANG_WARN_DOCUMENTATION_COMMENTS = YES;
				CLANG_WARN_EMPTY_BODY = YES;
				CLANG_WARN_ENUM_CONVERSION = YES;
				CLANG_WARN_INFINITE_RECURSION = YES;
				CLANG_WARN_INT_CONVERSION = YES;
				CLANG_WARN_NON_LITERAL_NULL_CONVERSION = YES;
				CLANG_WARN_OBJC_IMPLICIT_RETAIN_SELF = YES;
				CLANG_WARN_OBJC_LITERAL_CONVERSION = YES;
				CLANG_WARN_OBJC_ROOT_CLASS = YES_ERROR;
				CLANG_WARN_RANGE_LOOP_ANALYSIS = YES;
				CLANG_WARN_STRICT_PROTOTYPES = YES;
				CLANG_WARN_SUSPICIOUS_MOVE = YES;
				CLANG_WARN_UNGUARDED_AVAILABILITY = YES_AGGRESSIVE;
				CLANG_WARN_UNREACHABLE_CODE = YES;
				CLANG_WARN__DUPLICATE_METHOD_MATCH = YES;
				CODE_SIGN_IDENTITY = "iPhone Developer";
				COPY_PHASE_STRIP = NO;
				DEBUG_INFORMATION_FORMAT = "dwarf-with-dsym";
				ENABLE_NS_ASSERTIONS = NO;
				ENABLE_STRICT_OBJC_MSGSEND = YES;
				GCC_C_LANGUAGE_STANDARD = gnu11;
				GCC_NO_COMMON_BLOCKS = YES;
				GCC_WARN_64_TO_32_BIT_CONVERSION = YES;
				GCC_WARN_ABOUT_RETURN_TYPE = YES_ERROR;
				GCC_WARN_UNDECLARED_SELECTOR = YES;
				GCC_WARN_UNINITIALIZED_AUTOS = YES_AGGRESSIVE;
				GCC_WARN_UNUSED_FUNCTION = YES;
				GCC_WARN_UNUSED_VARIABLE = YES;
				IPHONEOS_DEPLOYMENT_TARGET = 12.1;
				MTL_ENABLE_DEBUG_INFO = NO;
				MTL_FAST_MATH = YES;
				SDKROOT = iphoneos;
				SWIFT_COMPILATION_MODE = wholemodule;
				SWIFT_OPTIMIZATION_LEVEL = "-O";
				VALIDATE_PRODUCT = YES;
			};
			name = Release;
		};
		FB75083422E0C8CD0021D5B8 /* Debug */ = {
			isa = XCBuildConfiguration;
			buildSettings = {
				ASSETCATALOG_COMPILER_APPICON_NAME = AppIcon;
				CODE_SIGN_STYLE = Automatic;
				DEVELOPMENT_TEAM = YF9VDWBXX5;
				INFOPLIST_FILE = "QUIZ-PLUS-V09/Info.plist";
				LD_RUNPATH_SEARCH_PATHS = (
					"$(inherited)",
					"@executable_path/Frameworks",
				);
				PRODUCT_BUNDLE_IDENTIFIER = "com.thechoygroup.QUIZ-PLUS-V09";
				PRODUCT_NAME = "$(TARGET_NAME)";
				SWIFT_VERSION = 4.2;
				TARGETED_DEVICE_FAMILY = "1,2";
			};
			name = Debug;
		};
		FB75083522E0C8CD0021D5B8 /* Release */ = {
			isa = XCBuildConfiguration;
			buildSettings = {
				ASSETCATALOG_COMPILER_APPICON_NAME = AppIcon;
				CODE_SIGN_STYLE = Automatic;
				DEVELOPMENT_TEAM = YF9VDWBXX5;
				INFOPLIST_FILE = "QUIZ-PLUS-V09/Info.plist";
				LD_RUNPATH_SEARCH_PATHS = (
					"$(inherited)",
					"@executable_path/Frameworks",
				);
				PRODUCT_BUNDLE_IDENTIFIER = "com.thechoygroup.QUIZ-PLUS-V09";
				PRODUCT_NAME = "$(TARGET_NAME)";
				SWIFT_VERSION = 4.2;
				TARGETED_DEVICE_FAMILY = "1,2";
			};
			name = Release;
		};
/* End XCBuildConfiguration section */

/* Begin XCConfigurationList section */
		FB75081922E0C8CC0021D5B8 /* Build configuration list for PBXProject "QUIZ-PLUS-V09" */ = {
			isa = XCConfigurationList;
			buildConfigurations = (
				FB75083122E0C8CD0021D5B8 /* Debug */,
				FB75083222E0C8CD0021D5B8 /* Release */,
			);
			defaultConfigurationIsVisible = 0;
			defaultConfigurationName = Release;
		};
		FB75083322E0C8CD0021D5B8 /* Build configuration list for PBXNativeTarget "QUIZ-PLUS-V09" */ = {
			isa = XCConfigurationList;
			buildConfigurations = (
				FB75083422E0C8CD0021D5B8 /* Debug */,
				FB75083522E0C8CD0021D5B8 /* Release */,
			);
			defaultConfigurationIsVisible = 0;
			defaultConfigurationName = Release;
		};
/* End XCConfigurationList section */

/* Begin XCVersionGroup section */
		FB75082822E0C8CC0021D5B8 /* QUIZ_PLUS_V09.xcdatamodeld */ = {
			isa = XCVersionGroup;
			children = (
				FB75082922E0C8CC0021D5B8 /* QUIZ_PLUS_V09.xcdatamodel */,
			);
			currentVersion = FB75082922E0C8CC0021D5B8 /* QUIZ_PLUS_V09.xcdatamodel */;
			path = QUIZ_PLUS_V09.xcdatamodeld;
			sourceTree = "<group>";
			versionGroupType = wrapper.xcdatamodel;
		};
/* End XCVersionGroup section */
	};
	rootObject = FB75081622E0C8CC0021D5B8 /* Project object */;
}
